PODS:
  - FSCalendar (2.8.4)
  - Realm (10.38.0):
    - Realm/Headers (= 10.38.0)
  - Realm/Headers (10.38.0)
  - RealmSwift (10.38.0):
    - Realm (= 10.38.0)
  - SwiftyJSON (4.3.0)

DEPENDENCIES:
  - FSCalendar
  - RealmSwift (~> 10)
  - SwiftyJSON (~> 4.0)

SPEC REPOS:
  trunk:
    - FSCalendar
    - Realm
    - RealmSwift
    - SwiftyJSON

SPEC CHECKSUMS:
  FSCalendar: 2d1d0d9398f12d439f55c1fe0f01525b151b8260
  Realm: 5902885dd1d5e71b0b020830caab937ecdf5bf07
  RealmSwift: 0fc037d6c32c7c4fc9362892380f380114ecdcf0
  SwiftyJSON: 6faa0040f8b59dead0ee07436cbf76b73c08fd08

PODFILE CHECKSUM: d08e2658647c078546a0b38a6e0a8fd400fc4945

COCOAPODS: 1.12.0
